
Microsoft Visual Studio Solution File, Format Version 12.00
# Visual Studio Version 17
VisualStudioVersion = 17.0.32112.339
MinimumVisualStudioVersion = 10.0.40219.1
Project("{8BC9CEB8-8B4A-11D0-8D11-00A0C91BC942}") = "Sudoku", "Sudoku.vcxproj", "{B1A26E3B-2C0A-426E-A446-3F3C31ECECB2}"
EndProject
Global
	GlobalSection(SolutionConfigurationPlatforms) = preSolution
		Debug|x64 = Debug|x64
		Debug|x86 = Debug|x86
		Release|x64 = Release|x64
		Release|x86 = Release|x86
	EndGlobalSection
	GlobalSection(ProjectConfigurationPlatforms) = postSolution
		{B1A26E3B-2C0A-426E-A446-3F3C31ECECB2}.Debug|x64.ActiveCfg = Debug|x64
		{B1A26E3B-2C0A-426E-A446-3F3C31ECECB2}.Debug|x64.Build.0 = Debug|x64
		{B1A26E3B-2C0A-426E-A446-3F3C31ECECB2}.Debug|x86.ActiveCfg = Debug|Win32
		{B1A26E3B-2C0A-426E-A446-3F3C31ECECB2}.Debug|x86.Build.0 = Debug|Win32
		{B1A26E3B-2C0A-426E-A446-3F3C31ECECB2}.Release|x64.ActiveCfg = Release|x64
		{B1A26E3B-2C0A-426E-A446-3F3C31ECECB2}.Release|x64.Build.0 = Release|x64
		{B1A26E3B-2C0A-426E-A446-3F3C31ECECB2}.Release|x86.ActiveCfg = Release|Win32
		{B1A26E3B-2C0A-426E-A446-3F3C31ECECB2}.Release|x86.Build.0 = Release|Win32
	EndGlobalSection
	GlobalSection(SolutionProperties) = preSolution
		HideSolutionNode = FALSE
	EndGlobalSection
	GlobalSection(ExtensibilityGlobals) = postSolution
		SolutionGuid = {60C7D97E-9443-4014-9868-565A9E2602A0}
	EndGlobalSection
EndGlobal
